
Microsoft Visual Studio Solution File, Format Version 12.00
# Visual Studio Version 17
VisualStudioVersion = 17.7.34024.191
MinimumVisualStudioVersion = 10.0.40219.1
Project("{888888A0-9F3D-457C-B088-3A5042F75D52}") = "Proxy", "Proxy\Proxy.pyproj", "{C3B2619F-E6B4-45F2-A2AD-1E5DE3B00B8A}"
EndProject
Global
	GlobalSection(SolutionConfigurationPlatforms) = preSolution
		Debug|Any CPU = Debug|Any CPU
		Release|Any CPU = Release|Any CPU
	EndGlobalSection
	GlobalSection(ProjectConfigurationPlatforms) = postSolution
		{C3B2619F-E6B4-45F2-A2AD-1E5DE3B00B8A}.Debug|Any CPU.ActiveCfg = Debug|Any CPU
		{C3B2619F-E6B4-45F2-A2AD-1E5DE3B00B8A}.Release|Any CPU.ActiveCfg = Release|Any CPU
	EndGlobalSection
	GlobalSection(SolutionProperties) = preSolution
		HideSolutionNode = FALSE
	EndGlobalSection
	GlobalSection(ExtensibilityGlobals) = postSolution
		SolutionGuid = {A0A714B9-6240-4F69-9C4C-9A50BB177C7B}
	EndGlobalSection
EndGlobal
